{
  "requires": true,
  "lockfileVersion": 1,
  "dependencies": {
    "commander": {
      "version": "2.19.0",
      "resolved": "https://registry.npmjs.org/commander/-/commander-2.19.0.tgz",
      "integrity": "sha512-6tvAOO+D6OENvRAh524Dh9jcfKTYDQAqvqezbCW82xj5X0pSrcpxtvRKHLG0yBY6SD7PSDrJaj+0AiOcKVd1Xg=="
    },
    "purecloud-flow-scripting-api-sdk-javascript": {
      "version": "0.9.0",
      "resolved": "https://registry.npmjs.org/purecloud-flow-scripting-api-sdk-javascript/-/purecloud-flow-scripting-api-sdk-javascript-0.9.0.tgz",
      "integrity": "sha512-ryQS4mp8V4XSXzb5wP8Tg+c4bxAex3i1P4333cAOhzbKg4F4RZfvF3YrCKZ5XDPMzvnKS5IHff5VROM4R/u1jA==",
      "requires": {
        "commander": "2.19.0"
      }
    }
  }
}
